// !$*UTF8*$!
{
	archiveVersion = 1;
	classes = {
	};
	objectVersion = 46;
	objects = {

/* Begin PBXBuildFile section */
		83BF3A8F1E5AE54000E47449 /* MAGear.swift in Sources */ = {isa = PBXBuildFile; fileRef = 83BF3A8E1E5AE54000E47449 /* MAGear.swift */; };
		83BF3A911E5AE57700E47449 /* MASingleGearView.swift in Sources */ = {isa = PBXBuildFile; fileRef = 83BF3A901E5AE57700E47449 /* MASingleGearView.swift */; };
		83BF3A931E5AE5C000E47449 /* MAMultiGearView.swift in Sources */ = {isa = PBXBuildFile; fileRef = 83BF3A921E5AE5C000E47449 /* MAMultiGearView.swift */; };
		83D12D171B9458B5003806FF /* DemoViewController.swift in Sources */ = {isa = PBXBuildFile; fileRef = 83D12D161B9458B5003806FF /* DemoViewController.swift */; };
		83D9CA261B0CC44D00ECA1F5 /* AppDelegate.swift in Sources */ = {isa = PBXBuildFile; fileRef = 83D9CA251B0CC44D00ECA1F5 /* AppDelegate.swift */; };
		83D9CA2B1B0CC44D00ECA1F5 /* Main.storyboard in Resources */ = {isa = PBXBuildFile; fileRef = 83D9CA291B0CC44D00ECA1F5 /* Main.storyboard */; };
		83D9CA2D1B0CC44D00ECA1F5 /* Images.xcassets in Resources */ = {isa = PBXBuildFile; fileRef = 83D9CA2C1B0CC44D00ECA1F5 /* Images.xcassets */; };
		83D9CA301B0CC44D00ECA1F5 /* LaunchScreen.xib in Resources */ = {isa = PBXBuildFile; fileRef = 83D9CA2E1B0CC44D00ECA1F5 /* LaunchScreen.xib */; };
		83D9CA3C1B0CC44D00ECA1F5 /* MAGearRefreshControl_DemoTests.swift in Sources */ = {isa = PBXBuildFile; fileRef = 83D9CA3B1B0CC44D00ECA1F5 /* MAGearRefreshControl_DemoTests.swift */; };
		83D9CA461B0CC46800ECA1F5 /* UIColor + RGBInit.swift in Sources */ = {isa = PBXBuildFile; fileRef = 83D9CA451B0CC46800ECA1F5 /* UIColor + RGBInit.swift */; };
		83D9CA4A1B0CC48E00ECA1F5 /* MAGearRefreshControl.swift in Sources */ = {isa = PBXBuildFile; fileRef = 83D9CA491B0CC48E00ECA1F5 /* MAGearRefreshControl.swift */; };
		83D9CA4C1B0CC50A00ECA1F5 /* DemoTableViewController.swift in Sources */ = {isa = PBXBuildFile; fileRef = 83D9CA4B1B0CC50A00ECA1F5 /* DemoTableViewController.swift */; };
		83E95E891E5AE6F50037E7BF /* MAAnimatedMultiGearView.swift in Sources */ = {isa = PBXBuildFile; fileRef = 83E95E881E5AE6F50037E7BF /* MAAnimatedMultiGearView.swift */; };
/* End PBXBuildFile section */

/* Begin PBXContainerItemProxy section */
		83D9CA361B0CC44D00ECA1F5 /* PBXContainerItemProxy */ = {
			isa = PBXContainerItemProxy;
			containerPortal = 83D9CA181B0CC44D00ECA1F5 /* Project object */;
			proxyType = 1;
			remoteGlobalIDString = 83D9CA1F1B0CC44D00ECA1F5;
			remoteInfo = "MAGearRefreshControl-Demo";
		};
/* End PBXContainerItemProxy section */

/* Begin PBXFileReference section */
		83BF3A8E1E5AE54000E47449 /* MAGear.swift */ = {isa = PBXFileReference; fileEncoding = 4; lastKnownFileType = sourcecode.swift; name = MAGear.swift; path = ../../Classes/MAGear.swift; sourceTree = "<group>"; };
		83BF3A901E5AE57700E47449 /* MASingleGearView.swift */ = {isa = PBXFileReference; fileEncoding = 4; lastKnownFileType = sourcecode.swift; name = MASingleGearView.swift; path = ../../Classes/MASingleGearView.swift; sourceTree = "<group>"; };
		83BF3A921E5AE5C000E47449 /* MAMultiGearView.swift */ = {isa = PBXFileReference; fileEncoding = 4; lastKnownFileType = sourcecode.swift; name = MAMultiGearView.swift; path = ../../Classes/MAMultiGearView.swift; sourceTree = "<group>"; };
		83D12D161B9458B5003806FF /* DemoViewController.swift */ = {isa = PBXFileReference; fileEncoding = 4; lastKnownFileType = sourcecode.swift; path = DemoViewController.swift; sourceTree = "<group>"; };
		83D9CA201B0CC44D00ECA1F5 /* MAGearRefreshControl-Demo.app */ = {isa = PBXFileReference; explicitFileType = wrapper.application; includeInIndex = 0; path = "MAGearRefreshControl-Demo.app"; sourceTree = BUILT_PRODUCTS_DIR; };
		83D9CA241B0CC44D00ECA1F5 /* Info.plist */ = {isa = PBXFileReference; lastKnownFileType = text.plist.xml; path = Info.plist; sourceTree = "<group>"; };
		83D9CA251B0CC44D00ECA1F5 /* AppDelegate.swift */ = {isa = PBXFileReference; lastKnownFileType = sourcecode.swift; path = AppDelegate.swift; sourceTree = "<group>"; };
		83D9CA2A1B0CC44D00ECA1F5 /* Base */ = {isa = PBXFileReference; lastKnownFileType = file.storyboard; name = Base; path = Base.lproj/Main.storyboard; sourceTree = "<group>"; };
		83D9CA2C1B0CC44D00ECA1F5 /* Images.xcassets */ = {isa = PBXFileReference; lastKnownFileType = folder.assetcatalog; path = Images.xcassets; sourceTree = "<group>"; };
		83D9CA2F1B0CC44D00ECA1F5 /* Base */ = {isa = PBXFileReference; lastKnownFileType = file.xib; name = Base; path = Base.lproj/LaunchScreen.xib; sourceTree = "<group>"; };
		83D9CA351B0CC44D00ECA1F5 /* MAGearRefreshControl-DemoTests.xctest */ = {isa = PBXFileReference; explicitFileType = wrapper.cfbundle; includeInIndex = 0; path = "MAGearRefreshControl-DemoTests.xctest"; sourceTree = BUILT_PRODUCTS_DIR; };
		83D9CA3A1B0CC44D00ECA1F5 /* Info.plist */ = {isa = PBXFileReference; lastKnownFileType = text.plist.xml; path = Info.plist; sourceTree = "<group>"; };
		83D9CA3B1B0CC44D00ECA1F5 /* MAGearRefreshControl_DemoTests.swift */ = {isa = PBXFileReference; lastKnownFileType = sourcecode.swift; path = MAGearRefreshControl_DemoTests.swift; sourceTree = "<group>"; };
		83D9CA451B0CC46800ECA1F5 /* UIColor + RGBInit.swift */ = {isa = PBXFileReference; fileEncoding = 4; lastKnownFileType = sourcecode.swift; path = "UIColor + RGBInit.swift"; sourceTree = "<group>"; };
		83D9CA491B0CC48E00ECA1F5 /* MAGearRefreshControl.swift */ = {isa = PBXFileReference; fileEncoding = 4; lastKnownFileType = sourcecode.swift; name = MAGearRefreshControl.swift; path = ../../Classes/MAGearRefreshControl.swift; sourceTree = "<group>"; };
		83D9CA4B1B0CC50A00ECA1F5 /* DemoTableViewController.swift */ = {isa = PBXFileReference; fileEncoding = 4; lastKnownFileType = sourcecode.swift; path = DemoTableViewController.swift; sourceTree = "<group>"; };
		83E95E881E5AE6F50037E7BF /* MAAnimatedMultiGearView.swift */ = {isa = PBXFileReference; fileEncoding = 4; lastKnownFileType = sourcecode.swift; name = MAAnimatedMultiGearView.swift; path = ../../Classes/MAAnimatedMultiGearView.swift; sourceTree = "<group>"; };
/* End PBXFileReference section */

/* Begin PBXFrameworksBuildPhase section */
		83D9CA1D1B0CC44D00ECA1F5 /* Frameworks */ = {
			isa = PBXFrameworksBuildPhase;
			buildActionMask = 2147483647;
			files = (
			);
			runOnlyForDeploymentPostprocessing = 0;
		};
		83D9CA321B0CC44D00ECA1F5 /* Frameworks */ = {
			isa = PBXFrameworksBuildPhase;
			buildActionMask = 2147483647;
			files = (
			);
			runOnlyForDeploymentPostprocessing = 0;
		};
/* End PBXFrameworksBuildPhase section */

/* Begin PBXGroup section */
		83D9CA171B0CC44D00ECA1F5 = {
			isa = PBXGroup;
			children = (
				83D9CA221B0CC44D00ECA1F5 /* MAGearRefreshControl-Demo */,
				83D9CA381B0CC44D00ECA1F5 /* MAGearRefreshControl-DemoTests */,
				83D9CA211B0CC44D00ECA1F5 /* Products */,
			);
			sourceTree = "<group>";
		};
		83D9CA211B0CC44D00ECA1F5 /* Products */ = {
			isa = PBXGroup;
			children = (
				83D9CA201B0CC44D00ECA1F5 /* MAGearRefreshControl-Demo.app */,
				83D9CA351B0CC44D00ECA1F5 /* MAGearRefreshControl-DemoTests.xctest */,
			);
			name = Products;
			sourceTree = "<group>";
		};
		83D9CA221B0CC44D00ECA1F5 /* MAGearRefreshControl-Demo */ = {
			isa = PBXGroup;
			children = (
				83D9CA471B0CC47800ECA1F5 /* Extensions */,
				83D9CA481B0CC48000ECA1F5 /* MAGearRegreshControl */,
				83D9CA4B1B0CC50A00ECA1F5 /* DemoTableViewController.swift */,
				83D12D161B9458B5003806FF /* DemoViewController.swift */,
				83D9CA251B0CC44D00ECA1F5 /* AppDelegate.swift */,
				83D9CA291B0CC44D00ECA1F5 /* Main.storyboard */,
				83D9CA2E1B0CC44D00ECA1F5 /* LaunchScreen.xib */,
				83D9CA2C1B0CC44D00ECA1F5 /* Images.xcassets */,
				83D9CA231B0CC44D00ECA1F5 /* Supporting Files */,
			);
			path = "MAGearRefreshControl-Demo";
			sourceTree = "<group>";
		};
		83D9CA231B0CC44D00ECA1F5 /* Supporting Files */ = {
			isa = PBXGroup;
			children = (
				83D9CA241B0CC44D00ECA1F5 /* Info.plist */,
			);
			name = "Supporting Files";
			sourceTree = "<group>";
		};
		83D9CA381B0CC44D00ECA1F5 /* MAGearRefreshControl-DemoTests */ = {
			isa = PBXGroup;
			children = (
				83D9CA3B1B0CC44D00ECA1F5 /* MAGearRefreshControl_DemoTests.swift */,
				83D9CA391B0CC44D00ECA1F5 /* Supporting Files */,
			);
			path = "MAGearRefreshControl-DemoTests";
			sourceTree = "<group>";
		};
		83D9CA391B0CC44D00ECA1F5 /* Supporting Files */ = {
			isa = PBXGroup;
			children = (
				83D9CA3A1B0CC44D00ECA1F5 /* Info.plist */,
			);
			name = "Supporting Files";
			sourceTree = "<group>";
		};
		83D9CA471B0CC47800ECA1F5 /* Extensions */ = {
			isa = PBXGroup;
			children = (
				83D9CA451B0CC46800ECA1F5 /* UIColor + RGBInit.swift */,
			);
			name = Extensions;
			sourceTree = "<group>";
		};
		83D9CA481B0CC48000ECA1F5 /* MAGearRegreshControl */ = {
			isa = PBXGroup;
			children = (
				83BF3A8E1E5AE54000E47449 /* MAGear.swift */,
				83BF3A901E5AE57700E47449 /* MASingleGearView.swift */,
				83BF3A921E5AE5C000E47449 /* MAMultiGearView.swift */,
				83E95E881E5AE6F50037E7BF /* MAAnimatedMultiGearView.swift */,
				83D9CA491B0CC48E00ECA1F5 /* MAGearRefreshControl.swift */,
			);
			name = MAGearRegreshControl;
			sourceTree = "<group>";
		};
/* End PBXGroup section */

/* Begin PBXNativeTarget section */
		83D9CA1F1B0CC44D00ECA1F5 /* MAGearRefreshControl-Demo */ = {
			isa = PBXNativeTarget;
			buildConfigurationList = 83D9CA3F1B0CC44D00ECA1F5 /* Build configuration list for PBXNativeTarget "MAGearRefreshControl-Demo" */;
			buildPhases = (
				83D9CA1C1B0CC44D00ECA1F5 /* Sources */,
				83D9CA1D1B0CC44D00ECA1F5 /* Frameworks */,
				83D9CA1E1B0CC44D00ECA1F5 /* Resources */,
			);
			buildRules = (
			);
			dependencies = (
			);
			name = "MAGearRefreshControl-Demo";
			productName = "MAGearRefreshControl-Demo";
			productReference = 83D9CA201B0CC44D00ECA1F5 /* MAGearRefreshControl-Demo.app */;
			productType = "com.apple.product-type.application";
		};
		83D9CA341B0CC44D00ECA1F5 /* MAGearRefreshControl-DemoTests */ = {
			isa = PBXNativeTarget;
			buildConfigurationList = 83D9CA421B0CC44D00ECA1F5 /* Build configuration list for PBXNativeTarget "MAGearRefreshControl-DemoTests" */;
			buildPhases = (
				83D9CA311B0CC44D00ECA1F5 /* Sources */,
				83D9CA321B0CC44D00ECA1F5 /* Frameworks */,
				83D9CA331B0CC44D00ECA1F5 /* Resources */,
			);
			buildRules = (
			);
			dependencies = (
				83D9CA371B0CC44D00ECA1F5 /* PBXTargetDependency */,
			);
			name = "MAGearRefreshControl-DemoTests";
			productName = "MAGearRefreshControl-DemoTests";
			productReference = 83D9CA351B0CC44D00ECA1F5 /* MAGearRefreshControl-DemoTests.xctest */;
			productType = "com.apple.product-type.bundle.unit-test";
		};
/* End PBXNativeTarget section */

/* Begin PBXProject section */
		83D9CA181B0CC44D00ECA1F5 /* Project object */ = {
			isa = PBXProject;
			attributes = {
				LastSwiftMigration = 0700;
				LastSwiftUpdateCheck = 0700;
				LastUpgradeCheck = 0820;
				ORGANIZATIONNAME = micazeve;
				TargetAttributes = {
					83D9CA1F1B0CC44D00ECA1F5 = {
						CreatedOnToolsVersion = 6.3.2;
						DevelopmentTeam = D8V82BKFEZ;
						LastSwiftMigration = 0820;
						ProvisioningStyle = Automatic;
					};
					83D9CA341B0CC44D00ECA1F5 = {
						CreatedOnToolsVersion = 6.3.2;
						DevelopmentTeam = D8V82BKFEZ;
						LastSwiftMigration = 0820;
						TestTargetID = 83D9CA1F1B0CC44D00ECA1F5;
					};
				};
			};
			buildConfigurationList = 83D9CA1B1B0CC44D00ECA1F5 /* Build configuration list for PBXProject "MAGearRefreshControl-Demo" */;
			compatibilityVersion = "Xcode 3.2";
			developmentRegion = English;
			hasScannedForEncodings = 0;
			knownRegions = (
				en,
				Base,
			);
			mainGroup = 83D9CA171B0CC44D00ECA1F5;
			productRefGroup = 83D9CA211B0CC44D00ECA1F5 /* Products */;
			projectDirPath = "";
			projectRoot = "";
			targets = (
				83D9CA1F1B0CC44D00ECA1F5 /* MAGearRefreshControl-Demo */,
				83D9CA341B0CC44D00ECA1F5 /* MAGearRefreshControl-DemoTests */,
			);
		};
/* End PBXProject section */

/* Begin PBXResourcesBuildPhase section */
		83D9CA1E1B0CC44D00ECA1F5 /* Resources */ = {
			isa = PBXResourcesBuildPhase;
			buildActionMask = 2147483647;
			files = (
				83D9CA2B1B0CC44D00ECA1F5 /* Main.storyboard in Resources */,
				83D9CA301B0CC44D00ECA1F5 /* LaunchScreen.xib in Resources */,
				83D9CA2D1B0CC44D00ECA1F5 /* Images.xcassets in Resources */,
			);
			runOnlyForDeploymentPostprocessing = 0;
		};
		83D9CA331B0CC44D00ECA1F5 /* Resources */ = {
			isa = PBXResourcesBuildPhase;
			buildActionMask = 2147483647;
			files = (
			);
			runOnlyForDeploymentPostprocessing = 0;
		};
/* End PBXResourcesBuildPhase section */

/* Begin PBXSourcesBuildPhase section */
		83D9CA1C1B0CC44D00ECA1F5 /* Sources */ = {
			isa = PBXSourcesBuildPhase;
			buildActionMask = 2147483647;
			files = (
				83BF3A8F1E5AE54000E47449 /* MAGear.swift in Sources */,
				83D9CA4C1B0CC50A00ECA1F5 /* DemoTableViewController.swift in Sources */,
				83D9CA261B0CC44D00ECA1F5 /* AppDelegate.swift in Sources */,
				83BF3A931E5AE5C000E47449 /* MAMultiGearView.swift in Sources */,
				83D9CA4A1B0CC48E00ECA1F5 /* MAGearRefreshControl.swift in Sources */,
				83D9CA461B0CC46800ECA1F5 /* UIColor + RGBInit.swift in Sources */,
				83E95E891E5AE6F50037E7BF /* MAAnimatedMultiGearView.swift in Sources */,
				83BF3A911E5AE57700E47449 /* MASingleGearView.swift in Sources */,
				83D12D171B9458B5003806FF /* DemoViewController.swift in Sources */,
			);
			runOnlyForDeploymentPostprocessing = 0;
		};
		83D9CA311B0CC44D00ECA1F5 /* Sources */ = {
			isa = PBXSourcesBuildPhase;
			buildActionMask = 2147483647;
			files = (
				83D9CA3C1B0CC44D00ECA1F5 /* MAGearRefreshControl_DemoTests.swift in Sources */,
			);
			runOnlyForDeploymentPostprocessing = 0;
		};
/* End PBXSourcesBuildPhase section */

/* Begin PBXTargetDependency section */
		83D9CA371B0CC44D00ECA1F5 /* PBXTargetDependency */ = {
			isa = PBXTargetDependency;
			target = 83D9CA1F1B0CC44D00ECA1F5 /* MAGearRefreshControl-Demo */;
			targetProxy = 83D9CA361B0CC44D00ECA1F5 /* PBXContainerItemProxy */;
		};
/* End PBXTargetDependency section */

/* Begin PBXVariantGroup section */
		83D9CA291B0CC44D00ECA1F5 /* Main.storyboard */ = {
			isa = PBXVariantGroup;
			children = (
				83D9CA2A1B0CC44D00ECA1F5 /* Base */,
			);
			name = Main.storyboard;
			sourceTree = "<group>";
		};
		83D9CA2E1B0CC44D00ECA1F5 /* LaunchScreen.xib */ = {
			isa = PBXVariantGroup;
			children = (
				83D9CA2F1B0CC44D00ECA1F5 /* Base */,
			);
			name = LaunchScreen.xib;
			sourceTree = "<group>";
		};
/* End PBXVariantGroup section */

/* Begin XCBuildConfiguration section */
		83D9CA3D1B0CC44D00ECA1F5 /* Debug */ = {
			isa = XCBuildConfiguration;
			buildSettings = {
				ALWAYS_SEARCH_USER_PATHS = NO;
				CLANG_CXX_LANGUAGE_STANDARD = "gnu++0x";
				CLANG_CXX_LIBRARY = "libc++";
				CLANG_ENABLE_MODULES = YES;
				CLANG_ENABLE_OBJC_ARC = YES;
				CLANG_WARN_BOOL_CONVERSION = YES;
				CLANG_WARN_CONSTANT_CONVERSION = YES;
				CLANG_WARN_DIRECT_OBJC_ISA_USAGE = YES_ERROR;
				CLANG_WARN_EMPTY_BODY = YES;
				CLANG_WARN_ENUM_CONVERSION = YES;
				CLANG_WARN_INFINITE_RECURSION = YES;
				CLANG_WARN_INT_CONVERSION = YES;
				CLANG_WARN_OBJC_ROOT_CLASS = YES_ERROR;
				CLANG_WARN_SUSPICIOUS_MOVE = YES;
				CLANG_WARN_UNREACHABLE_CODE = YES;
				CLANG_WARN__DUPLICATE_METHOD_MATCH = YES;
				"CODE_SIGN_IDENTITY[sdk=iphoneos*]" = "iPhone Developer";
				COPY_PHASE_STRIP = NO;
				DEBUG_INFORMATION_FORMAT = "dwarf-with-dsym";
				ENABLE_STRICT_OBJC_MSGSEND = YES;
				ENABLE_TESTABILITY = YES;
				GCC_C_LANGUAGE_STANDARD = gnu99;
				GCC_DYNAMIC_NO_PIC = NO;
				GCC_NO_COMMON_BLOCKS = YES;
				GCC_OPTIMIZATION_LEVEL = 0;
				GCC_PREPROCESSOR_DEFINITIONS = (
					"DEBUG=1",
					"$(inherited)",
				);
				GCC_SYMBOLS_PRIVATE_EXTERN = NO;
				GCC_WARN_64_TO_32_BIT_CONVERSION = YES;
				GCC_WARN_ABOUT_RETURN_TYPE = YES_ERROR;
				GCC_WARN_UNDECLARED_SELECTOR = YES;
				GCC_WARN_UNINITIALIZED_AUTOS = YES_AGGRESSIVE;
				GCC_WARN_UNUSED_FUNCTION = YES;
				GCC_WARN_UNUSED_VARIABLE = YES;
				IPHONEOS_DEPLOYMENT_TARGET = 8.3;
				MTL_ENABLE_DEBUG_INFO = YES;
				ONLY_ACTIVE_ARCH = YES;
				SDKROOT = iphoneos;
				SWIFT_OPTIMIZATION_LEVEL = "-Onone";
			};
			name = Debug;
		};
		83D9CA3E1B0CC44D00ECA1F5 /* Release */ = {
			isa = XCBuildConfiguration;
			buildSettings = {
				ALWAYS_SEARCH_USER_PATHS = NO;
				CLANG_CXX_LANGUAGE_STANDARD = "gnu++0x";
				CLANG_CXX_LIBRARY = "libc++";
				CLANG_ENABLE_MODULES = YES;
				CLANG_ENABLE_OBJC_ARC = YES;
				CLANG_WARN_BOOL_CONVERSION = YES;
				CLANG_WARN_CONSTANT_CONVERSION = YES;
				CLANG_WARN_DIRECT_OBJC_ISA_USAGE = YES_ERROR;
				CLANG_WARN_EMPTY_BODY = YES;
				CLANG_WARN_ENUM_CONVERSION = YES;
				CLANG_WARN_INFINITE_RECURSION = YES;
				CLANG_WARN_INT_CONVERSION = YES;
				CLANG_WARN_OBJC_ROOT_CLASS = YES_ERROR;
				CLANG_WARN_SUSPICIOUS_MOVE = YES;
				CLANG_WARN_UNREACHABLE_CODE = YES;
				CLANG_WARN__DUPLICATE_METHOD_MATCH = YES;
				"CODE_SIGN_IDENTITY[sdk=iphoneos*]" = "iPhone Developer";
				COPY_PHASE_STRIP = NO;
				DEBUG_INFORMATION_FORMAT = "dwarf-with-dsym";
				ENABLE_NS_ASSERTIONS = NO;
				ENABLE_STRICT_OBJC_MSGSEND = YES;
				GCC_C_LANGUAGE_STANDARD = gnu99;
				GCC_NO_COMMON_BLOCKS = YES;
				GCC_WARN_64_TO_32_BIT_CONVERSION = YES;
				GCC_WARN_ABOUT_RETURN_TYPE = YES_ERROR;
				GCC_WARN_UNDECLARED_SELECTOR = YES;
				GCC_WARN_UNINITIALIZED_AUTOS = YES_AGGRESSIVE;
				GCC_WARN_UNUSED_FUNCTION = YES;
				GCC_WARN_UNUSED_VARIABLE = YES;
				IPHONEOS_DEPLOYMENT_TARGET = 8.3;
				MTL_ENABLE_DEBUG_INFO = NO;
				SDKROOT = iphoneos;
				SWIFT_OPTIMIZATION_LEVEL = "-Owholemodule";
				VALIDATE_PRODUCT = YES;
			};
			name = Release;
		};
		83D9CA401B0CC44D00ECA1F5 /* Debug */ = {
			isa = XCBuildConfiguration;
			buildSettings = {
				ASSETCATALOG_COMPILER_APPICON_NAME = AppIcon;
				"CODE_SIGN_IDENTITY[sdk=iphoneos*]" = "iPhone Developer";
				DEVELOPMENT_TEAM = D8V82BKFEZ;
				INFOPLIST_FILE = "MAGearRefreshControl-Demo/Info.plist";
				LD_RUNPATH_SEARCH_PATHS = "$(inherited) @executable_path/Frameworks";
				PRODUCT_BUNDLE_IDENTIFIER = "com.micazeve.$(PRODUCT_NAME:rfc1034identifier)";
				PRODUCT_NAME = "$(TARGET_NAME)";
				SWIFT_VERSION = 3.0;
			};
			name = Debug;
		};
		83D9CA411B0CC44D00ECA1F5 /* Release */ = {
			isa = XCBuildConfiguration;
			buildSettings = {
				ASSETCATALOG_COMPILER_APPICON_NAME = AppIcon;
				"CODE_SIGN_IDENTITY[sdk=iphoneos*]" = "iPhone Developer";
				DEVELOPMENT_TEAM = D8V82BKFEZ;
				INFOPLIST_FILE = "MAGearRefreshControl-Demo/Info.plist";
				LD_RUNPATH_SEARCH_PATHS = "$(inherited) @executable_path/Frameworks";
				PRODUCT_BUNDLE_IDENTIFIER = "com.micazeve.$(PRODUCT_NAME:rfc1034identifier)";
				PRODUCT_NAME = "$(TARGET_NAME)";
				SWIFT_VERSION = 3.0;
			};
			name = Release;
		};
		83D9CA431B0CC44D00ECA1F5 /* Debug */ = {
			isa = XCBuildConfiguration;
			buildSettings = {
				BUNDLE_LOADER = "$(TEST_HOST)";
				DEVELOPMENT_TEAM = D8V82BKFEZ;
				FRAMEWORK_SEARCH_PATHS = "";
				GCC_PREPROCESSOR_DEFINITIONS = (
					"DEBUG=1",
					"$(inherited)",
				);
				INFOPLIST_FILE = "MAGearRefreshControl-DemoTests/Info.plist";
				LD_RUNPATH_SEARCH_PATHS = "$(inherited) @executable_path/Frameworks @loader_path/Frameworks";
				PRODUCT_BUNDLE_IDENTIFIER = "com.micazeve.$(PRODUCT_NAME:rfc1034identifier)";
				PRODUCT_NAME = "$(TARGET_NAME)";
				SWIFT_VERSION = 3.0;
				TEST_HOST = "$(BUILT_PRODUCTS_DIR)/MAGearRefreshControl-Demo.app/MAGearRefreshControl-Demo";
			};
			name = Debug;
		};
		83D9CA441B0CC44D00ECA1F5 /* Release */ = {
			isa = XCBuildConfiguration;
			buildSettings = {
				BUNDLE_LOADER = "$(TEST_HOST)";
				DEVELOPMENT_TEAM = D8V82BKFEZ;
				FRAMEWORK_SEARCH_PATHS = "";
				INFOPLIST_FILE = "MAGearRefreshControl-DemoTests/Info.plist";
				LD_RUNPATH_SEARCH_PATHS = "$(inherited) @executable_path/Frameworks @loader_path/Frameworks";
				PRODUCT_BUNDLE_IDENTIFIER = "com.micazeve.$(PRODUCT_NAME:rfc1034identifier)";
				PRODUCT_NAME = "$(TARGET_NAME)";
				SWIFT_VERSION = 3.0;
				TEST_HOST = "$(BUILT_PRODUCTS_DIR)/MAGearRefreshControl-Demo.app/MAGearRefreshControl-Demo";
			};
			name = Release;
		};
/* End XCBuildConfiguration section */

/* Begin XCConfigurationList section */
		83D9CA1B1B0CC44D00ECA1F5 /* Build configuration list for PBXProject "MAGearRefreshControl-Demo" */ = {
			isa = XCConfigurationList;
			buildConfigurations = (
				83D9CA3D1B0CC44D00ECA1F5 /* Debug */,
				83D9CA3E1B0CC44D00ECA1F5 /* Release */,
			);
			defaultConfigurationIsVisible = 0;
			defaultConfigurationName = Release;
		};
		83D9CA3F1B0CC44D00ECA1F5 /* Build configuration list for PBXNativeTarget "MAGearRefreshControl-Demo" */ = {
			isa = XCConfigurationList;
			buildConfigurations = (
				83D9CA401B0CC44D00ECA1F5 /* Debug */,
				83D9CA411B0CC44D00ECA1F5 /* Release */,
			);
			defaultConfigurationIsVisible = 0;
			defaultConfigurationName = Release;
		};
		83D9CA421B0CC44D00ECA1F5 /* Build configuration list for PBXNativeTarget "MAGearRefreshControl-DemoTests" */ = {
			isa = XCConfigurationList;
			buildConfigurations = (
				83D9CA431B0CC44D00ECA1F5 /* Debug */,
				83D9CA441B0CC44D00ECA1F5 /* Release */,
			);
			defaultConfigurationIsVisible = 0;
			defaultConfigurationName = Release;
		};
/* End XCConfigurationList section */
	};
	rootObject = 83D9CA181B0CC44D00ECA1F5 /* Project object */;
}
